
Microsoft Visual Studio Solution File, Format Version 12.00
# Visual Studio Version 17
VisualStudioVersion = 17.3.32825.248
MinimumVisualStudioVersion = 10.0.40219.1
Project("{8BC9CEB8-8B4A-11D0-8D11-00A0C91BC942}") = "Lab_05_02", "Lab_05_02.vcxproj", "{42FDDEFE-A735-4E99-995E-2643AB213A60}"
EndProject
Project("{8BC9CEB8-8B4A-11D0-8D11-00A0C91BC942}") = "UnitTest0502", "UnitTest0502\UnitTest0502.vcxproj", "{D16242A6-610C-4B0D-A41F-E37EC8B5ECE8}"
EndProject
Global
	GlobalSection(SolutionConfigurationPlatforms) = preSolution
		Debug|x64 = Debug|x64
		Debug|x86 = Debug|x86
		Release|x64 = Release|x64
		Release|x86 = Release|x86
	EndGlobalSection
	GlobalSection(ProjectConfigurationPlatforms) = postSolution
		{42FDDEFE-A735-4E99-995E-2643AB213A60}.Debug|x64.ActiveCfg = Debug|x64
		{42FDDEFE-A735-4E99-995E-2643AB213A60}.Debug|x64.Build.0 = Debug|x64
		{42FDDEFE-A735-4E99-995E-2643AB213A60}.Debug|x86.ActiveCfg = Debug|Win32
		{42FDDEFE-A735-4E99-995E-2643AB213A60}.Debug|x86.Build.0 = Debug|Win32
		{42FDDEFE-A735-4E99-995E-2643AB213A60}.Release|x64.ActiveCfg = Release|x64
		{42FDDEFE-A735-4E99-995E-2643AB213A60}.Release|x64.Build.0 = Release|x64
		{42FDDEFE-A735-4E99-995E-2643AB213A60}.Release|x86.ActiveCfg = Release|Win32
		{42FDDEFE-A735-4E99-995E-2643AB213A60}.Release|x86.Build.0 = Release|Win32
		{D16242A6-610C-4B0D-A41F-E37EC8B5ECE8}.Debug|x64.ActiveCfg = Debug|x64
		{D16242A6-610C-4B0D-A41F-E37EC8B5ECE8}.Debug|x64.Build.0 = Debug|x64
		{D16242A6-610C-4B0D-A41F-E37EC8B5ECE8}.Debug|x86.ActiveCfg = Debug|Win32
		{D16242A6-610C-4B0D-A41F-E37EC8B5ECE8}.Debug|x86.Build.0 = Debug|Win32
		{D16242A6-610C-4B0D-A41F-E37EC8B5ECE8}.Release|x64.ActiveCfg = Release|x64
		{D16242A6-610C-4B0D-A41F-E37EC8B5ECE8}.Release|x64.Build.0 = Release|x64
		{D16242A6-610C-4B0D-A41F-E37EC8B5ECE8}.Release|x86.ActiveCfg = Release|Win32
		{D16242A6-610C-4B0D-A41F-E37EC8B5ECE8}.Release|x86.Build.0 = Release|Win32
	EndGlobalSection
	GlobalSection(SolutionProperties) = preSolution
		HideSolutionNode = FALSE
	EndGlobalSection
	GlobalSection(ExtensibilityGlobals) = postSolution
		SolutionGuid = {0764A971-D9B7-4DED-9FBF-81D52E8A6ADD}
	EndGlobalSection
EndGlobal
